
Microsoft Visual Studio Solution File, Format Version 10.00
# Visual Studio 2008
Project("{FAE04EC0-301F-11D3-BF4B-00C04F79EFBC}") = "WindowsFormsApplication1", "WindowsFormsApplication1\WindowsFormsApplication1.csproj", "{13F7C7D3-9FBB-4DB3-9652-88EC34E9D1DF}"
EndProject
Global
	GlobalSection(SolutionConfigurationPlatforms) = preSolution
		Debug|Any CPU = Debug|Any CPU
		Release|Any CPU = Release|Any CPU
	EndGlobalSection
	GlobalSection(ProjectConfigurationPlatforms) = postSolution
		{13F7C7D3-9FBB-4DB3-9652-88EC34E9D1DF}.Debug|Any CPU.ActiveCfg = Debug|Any CPU
		{13F7C7D3-9FBB-4DB3-9652-88EC34E9D1DF}.Debug|Any CPU.Build.0 = Debug|Any CPU
		{13F7C7D3-9FBB-4DB3-9652-88EC34E9D1DF}.Release|Any CPU.ActiveCfg = Release|Any CPU
		{13F7C7D3-9FBB-4DB3-9652-88EC34E9D1DF}.Release|Any CPU.Build.0 = Release|Any CPU
	EndGlobalSection
	GlobalSection(SolutionProperties) = preSolution
		HideSolutionNode = FALSE
	EndGlobalSection
EndGlobal
