
Microsoft Visual Studio Solution File, Format Version 10.00
# Visual Studio 2008
Project("{FAE04EC0-301F-11D3-BF4B-00C04F79EFBC}") = "LinqPages", "LinqPages\LinqPages.csproj", "{7513E3C9-4FB2-4C84-BF98-03699F86307F}"
EndProject
Global
	GlobalSection(SolutionConfigurationPlatforms) = preSolution
		Debug|Any CPU = Debug|Any CPU
		Release|Any CPU = Release|Any CPU
	EndGlobalSection
	GlobalSection(ProjectConfigurationPlatforms) = postSolution
		{7513E3C9-4FB2-4C84-BF98-03699F86307F}.Debug|Any CPU.ActiveCfg = Debug|Any CPU
		{7513E3C9-4FB2-4C84-BF98-03699F86307F}.Debug|Any CPU.Build.0 = Debug|Any CPU
		{7513E3C9-4FB2-4C84-BF98-03699F86307F}.Release|Any CPU.ActiveCfg = Release|Any CPU
		{7513E3C9-4FB2-4C84-BF98-03699F86307F}.Release|Any CPU.Build.0 = Release|Any CPU
	EndGlobalSection
	GlobalSection(SolutionProperties) = preSolution
		HideSolutionNode = FALSE
	EndGlobalSection
EndGlobal
