
Microsoft Visual Studio Solution File, Format Version 10.00
# Visual Studio 2008
Project("{FAE04EC0-301F-11D3-BF4B-00C04F79EFBC}") = "ShengXiaoByRbtn", "ShengXiaoByRbtn\ShengXiaoByRbtn.csproj", "{B6117CA6-4D9C-45CA-B164-BBF9E4172D0B}"
EndProject
Global
	GlobalSection(SolutionConfigurationPlatforms) = preSolution
		Debug|Any CPU = Debug|Any CPU
		Release|Any CPU = Release|Any CPU
	EndGlobalSection
	GlobalSection(ProjectConfigurationPlatforms) = postSolution
		{B6117CA6-4D9C-45CA-B164-BBF9E4172D0B}.Debug|Any CPU.ActiveCfg = Debug|Any CPU
		{B6117CA6-4D9C-45CA-B164-BBF9E4172D0B}.Debug|Any CPU.Build.0 = Debug|Any CPU
		{B6117CA6-4D9C-45CA-B164-BBF9E4172D0B}.Release|Any CPU.ActiveCfg = Release|Any CPU
		{B6117CA6-4D9C-45CA-B164-BBF9E4172D0B}.Release|Any CPU.Build.0 = Release|Any CPU
	EndGlobalSection
	GlobalSection(SolutionProperties) = preSolution
		HideSolutionNode = FALSE
	EndGlobalSection
EndGlobal
