
Microsoft Visual Studio Solution File, Format Version 10.00
# Visual Studio 2008
Project("{FAE04EC0-301F-11D3-BF4B-00C04F79EFBC}") = "UseWhere", "UseWhere\UseWhere.csproj", "{2A86457B-383D-456C-BF90-70D5EFD0E4CD}"
EndProject
Global
	GlobalSection(SolutionConfigurationPlatforms) = preSolution
		Debug|Any CPU = Debug|Any CPU
		Release|Any CPU = Release|Any CPU
	EndGlobalSection
	GlobalSection(ProjectConfigurationPlatforms) = postSolution
		{2A86457B-383D-456C-BF90-70D5EFD0E4CD}.Debug|Any CPU.ActiveCfg = Debug|Any CPU
		{2A86457B-383D-456C-BF90-70D5EFD0E4CD}.Debug|Any CPU.Build.0 = Debug|Any CPU
		{2A86457B-383D-456C-BF90-70D5EFD0E4CD}.Release|Any CPU.ActiveCfg = Release|Any CPU
		{2A86457B-383D-456C-BF90-70D5EFD0E4CD}.Release|Any CPU.Build.0 = Release|Any CPU
	EndGlobalSection
	GlobalSection(SolutionProperties) = preSolution
		HideSolutionNode = FALSE
	EndGlobalSection
EndGlobal
