
Microsoft Visual Studio Solution File, Format Version 10.00
# Visual Studio 2008
Project("{FAE04EC0-301F-11D3-BF4B-00C04F79EFBC}") = "WindowsFormsApplication1", "WindowsFormsApplication1\WindowsFormsApplication1.csproj", "{84220182-7FD2-43BA-8BFD-A7C8FC57E44D}"
EndProject
Global
	GlobalSection(SolutionConfigurationPlatforms) = preSolution
		Debug|Any CPU = Debug|Any CPU
		Release|Any CPU = Release|Any CPU
	EndGlobalSection
	GlobalSection(ProjectConfigurationPlatforms) = postSolution
		{84220182-7FD2-43BA-8BFD-A7C8FC57E44D}.Debug|Any CPU.ActiveCfg = Debug|Any CPU
		{84220182-7FD2-43BA-8BFD-A7C8FC57E44D}.Debug|Any CPU.Build.0 = Debug|Any CPU
		{84220182-7FD2-43BA-8BFD-A7C8FC57E44D}.Release|Any CPU.ActiveCfg = Release|Any CPU
		{84220182-7FD2-43BA-8BFD-A7C8FC57E44D}.Release|Any CPU.Build.0 = Release|Any CPU
	EndGlobalSection
	GlobalSection(SolutionProperties) = preSolution
		HideSolutionNode = FALSE
	EndGlobalSection
EndGlobal
