
Microsoft Visual Studio Solution File, Format Version 10.00
# Visual Studio 2008
Project("{FAE04EC0-301F-11D3-BF4B-00C04F79EFBC}") = "GetFilesCountByLBox", "GetFilesCountByLBox\GetFilesCountByLBox.csproj", "{7E18FB64-922D-46B0-807F-99C0913D340C}"
EndProject
Global
	GlobalSection(SolutionConfigurationPlatforms) = preSolution
		Debug|Any CPU = Debug|Any CPU
		Release|Any CPU = Release|Any CPU
	EndGlobalSection
	GlobalSection(ProjectConfigurationPlatforms) = postSolution
		{7E18FB64-922D-46B0-807F-99C0913D340C}.Debug|Any CPU.ActiveCfg = Debug|Any CPU
		{7E18FB64-922D-46B0-807F-99C0913D340C}.Debug|Any CPU.Build.0 = Debug|Any CPU
		{7E18FB64-922D-46B0-807F-99C0913D340C}.Release|Any CPU.ActiveCfg = Release|Any CPU
		{7E18FB64-922D-46B0-807F-99C0913D340C}.Release|Any CPU.Build.0 = Release|Any CPU
	EndGlobalSection
	GlobalSection(SolutionProperties) = preSolution
		HideSolutionNode = FALSE
	EndGlobalSection
EndGlobal
