
Microsoft Visual Studio Solution File, Format Version 10.00
# Visual Studio 2008
Project("{FAE04EC0-301F-11D3-BF4B-00C04F79EFBC}") = "MenuExample", "MenuExample\MenuExample.csproj", "{86EC3D8A-2C91-4BF4-828D-D9A4078F312B}"
EndProject
Global
	GlobalSection(SolutionConfigurationPlatforms) = preSolution
		Debug|Any CPU = Debug|Any CPU
		Release|Any CPU = Release|Any CPU
	EndGlobalSection
	GlobalSection(ProjectConfigurationPlatforms) = postSolution
		{86EC3D8A-2C91-4BF4-828D-D9A4078F312B}.Debug|Any CPU.ActiveCfg = Debug|Any CPU
		{86EC3D8A-2C91-4BF4-828D-D9A4078F312B}.Debug|Any CPU.Build.0 = Debug|Any CPU
		{86EC3D8A-2C91-4BF4-828D-D9A4078F312B}.Release|Any CPU.ActiveCfg = Release|Any CPU
		{86EC3D8A-2C91-4BF4-828D-D9A4078F312B}.Release|Any CPU.Build.0 = Release|Any CPU
	EndGlobalSection
	GlobalSection(SolutionProperties) = preSolution
		HideSolutionNode = FALSE
	EndGlobalSection
EndGlobal
