
Microsoft Visual Studio Solution File, Format Version 10.00
# Visual Studio 2008
Project("{FAE04EC0-301F-11D3-BF4B-00C04F79EFBC}") = "例2.7", "例2.7\例2.7.csproj", "{5AF794C8-925B-49B6-8D97-05D1A792646B}"
EndProject
Global
	GlobalSection(SolutionConfigurationPlatforms) = preSolution
		Debug|Any CPU = Debug|Any CPU
		Release|Any CPU = Release|Any CPU
	EndGlobalSection
	GlobalSection(ProjectConfigurationPlatforms) = postSolution
		{5AF794C8-925B-49B6-8D97-05D1A792646B}.Debug|Any CPU.ActiveCfg = Debug|Any CPU
		{5AF794C8-925B-49B6-8D97-05D1A792646B}.Debug|Any CPU.Build.0 = Debug|Any CPU
		{5AF794C8-925B-49B6-8D97-05D1A792646B}.Release|Any CPU.ActiveCfg = Release|Any CPU
		{5AF794C8-925B-49B6-8D97-05D1A792646B}.Release|Any CPU.Build.0 = Release|Any CPU
	EndGlobalSection
	GlobalSection(SolutionProperties) = preSolution
		HideSolutionNode = FALSE
	EndGlobalSection
EndGlobal
