
Microsoft Visual Studio Solution File, Format Version 10.00
# Visual Studio 2008
Project("{FAE04EC0-301F-11D3-BF4B-00C04F79EFBC}") = "例2.20", "例2.20\例2.20.csproj", "{107C15E1-AFAE-42DF-9E9E-2908BFC8D949}"
EndProject
Global
	GlobalSection(SolutionConfigurationPlatforms) = preSolution
		Debug|Any CPU = Debug|Any CPU
		Release|Any CPU = Release|Any CPU
	EndGlobalSection
	GlobalSection(ProjectConfigurationPlatforms) = postSolution
		{107C15E1-AFAE-42DF-9E9E-2908BFC8D949}.Debug|Any CPU.ActiveCfg = Debug|Any CPU
		{107C15E1-AFAE-42DF-9E9E-2908BFC8D949}.Debug|Any CPU.Build.0 = Debug|Any CPU
		{107C15E1-AFAE-42DF-9E9E-2908BFC8D949}.Release|Any CPU.ActiveCfg = Release|Any CPU
		{107C15E1-AFAE-42DF-9E9E-2908BFC8D949}.Release|Any CPU.Build.0 = Release|Any CPU
	EndGlobalSection
	GlobalSection(SolutionProperties) = preSolution
		HideSolutionNode = FALSE
	EndGlobalSection
EndGlobal
