
Microsoft Visual Studio Solution File, Format Version 10.00
# Visual Studio 2008
Project("{FAE04EC0-301F-11D3-BF4B-00C04F79EFBC}") = "SubStr", "SubStr\SubStr.csproj", "{48340D7E-0F14-4343-A64D-A30DFA47F4EA}"
EndProject
Global
	GlobalSection(SolutionConfigurationPlatforms) = preSolution
		Debug|Any CPU = Debug|Any CPU
		Release|Any CPU = Release|Any CPU
	EndGlobalSection
	GlobalSection(ProjectConfigurationPlatforms) = postSolution
		{48340D7E-0F14-4343-A64D-A30DFA47F4EA}.Debug|Any CPU.ActiveCfg = Debug|Any CPU
		{48340D7E-0F14-4343-A64D-A30DFA47F4EA}.Debug|Any CPU.Build.0 = Debug|Any CPU
		{48340D7E-0F14-4343-A64D-A30DFA47F4EA}.Release|Any CPU.ActiveCfg = Release|Any CPU
		{48340D7E-0F14-4343-A64D-A30DFA47F4EA}.Release|Any CPU.Build.0 = Release|Any CPU
	EndGlobalSection
	GlobalSection(SolutionProperties) = preSolution
		HideSolutionNode = FALSE
	EndGlobalSection
EndGlobal
