
Microsoft Visual Studio Solution File, Format Version 10.00
# Visual Studio 2008
Project("{FAE04EC0-301F-11D3-BF4B-00C04F79EFBC}") = "ConsoleApplication1", "ConsoleApplication1\ConsoleApplication1.csproj", "{7BC3AFDD-6C02-43F7-BA7D-F0A93E30A86C}"
EndProject
Global
	GlobalSection(SolutionConfigurationPlatforms) = preSolution
		Debug|Any CPU = Debug|Any CPU
		Release|Any CPU = Release|Any CPU
	EndGlobalSection
	GlobalSection(ProjectConfigurationPlatforms) = postSolution
		{7BC3AFDD-6C02-43F7-BA7D-F0A93E30A86C}.Debug|Any CPU.ActiveCfg = Debug|Any CPU
		{7BC3AFDD-6C02-43F7-BA7D-F0A93E30A86C}.Debug|Any CPU.Build.0 = Debug|Any CPU
		{7BC3AFDD-6C02-43F7-BA7D-F0A93E30A86C}.Release|Any CPU.ActiveCfg = Release|Any CPU
		{7BC3AFDD-6C02-43F7-BA7D-F0A93E30A86C}.Release|Any CPU.Build.0 = Release|Any CPU
	EndGlobalSection
	GlobalSection(SolutionProperties) = preSolution
		HideSolutionNode = FALSE
	EndGlobalSection
EndGlobal
